# This file is generated by running "yarn install" inside your project.
# Manual changes might be lost - proceed with caution!

__metadata:
  version: 6
  cacheKey: 8

"accepts@npm:^2.0.0":
  version: 2.0.0
  resolution: "accepts@npm:2.0.0"
  dependencies:
    mime-types: ^3.0.0
    negotiator: ^1.0.0
  checksum: 49fe6c050cb6f6ff4e771b4d88324fca4d3127865f2473872e818dca127d809ba3aa8fdfc7acb51dd3c5bade7311ca6b8cfff7015ea6db2f7eb9c8444d223a4f
  languageName: node
  linkType: hard

"asynckit@npm:^0.4.0":
  version: 0.4.0
  resolution: "asynckit@npm:0.4.0"
  checksum: 7b78c451df768adba04e2d02e63e2d0bf3b07adcd6e42b4cf665cb7ce899bedd344c69a1dcbce355b5f972d597b25aaa1c1742b52cffd9caccb22f348114f6be
  languageName: node
  linkType: hard

"autoadmin-ws-server@workspace:.":
  version: 0.0.0-use.local
  resolution: "autoadmin-ws-server@workspace:."
  dependencies:
    axios: ^1.12.2
    express: ^5.1.0
    jsonwebtoken: ^9.0.2
    lru-cache: ^11.2.2
    nanoid: ^5.1.6
    ws: ^8.18.3
  languageName: unknown
  linkType: soft

"axios@npm:^1.12.2":
  version: 1.12.2
  resolution: "axios@npm:1.12.2"
  dependencies:
    follow-redirects: ^1.15.6
    form-data: ^4.0.4
    proxy-from-env: ^1.1.0
  checksum: f0331594fe053a4bbff04104edb073973a3aabfad2e56b0aa18de82428aa63f6f0839ca3d837258ec739cb4528014121793b1649a21e5115ffb2bf8237eadca3
  languageName: node
  linkType: hard

"body-parser@npm:^2.2.0":
  version: 2.2.0
  resolution: "body-parser@npm:2.2.0"
  dependencies:
    bytes: ^3.1.2
    content-type: ^1.0.5
    debug: ^4.4.0
    http-errors: ^2.0.0
    iconv-lite: ^0.6.3
    on-finished: ^2.4.1
    qs: ^6.14.0
    raw-body: ^3.0.0
    type-is: ^2.0.0
  checksum: 7fe3a2d288f0b632528d6ccb90052d1a9492c5b79d5716d32c8de1f5fb8237b0d31ee5050e1d0b7ff143a492ff151804612c6e2686a222a1d4c9e2e6531b8fb2
  languageName: node
  linkType: hard

"buffer-equal-constant-time@npm:1.0.1":
  version: 1.0.1
  resolution: "buffer-equal-constant-time@npm:1.0.1"
  checksum: 80bb945f5d782a56f374b292770901065bad21420e34936ecbe949e57724b4a13874f735850dd1cc61f078773c4fb5493a41391e7bda40d1fa388d6bd80daaab
  languageName: node
  linkType: hard

"bytes@npm:3.1.2, bytes@npm:^3.1.2":
  version: 3.1.2
  resolution: "bytes@npm:3.1.2"
  checksum: e4bcd3948d289c5127591fbedf10c0b639ccbf00243504e4e127374a15c3bc8eed0d28d4aaab08ff6f1cf2abc0cce6ba3085ed32f4f90e82a5683ce0014e1b6e
  languageName: node
  linkType: hard

"call-bind-apply-helpers@npm:^1.0.1, call-bind-apply-helpers@npm:^1.0.2":
  version: 1.0.2
  resolution: "call-bind-apply-helpers@npm:1.0.2"
  dependencies:
    es-errors: ^1.3.0
    function-bind: ^1.1.2
  checksum: b2863d74fcf2a6948221f65d95b91b4b2d90cfe8927650b506141e669f7d5de65cea191bf788838bc40d13846b7886c5bc5c84ab96c3adbcf88ad69a72fcdc6b
  languageName: node
  linkType: hard

"call-bound@npm:^1.0.2":
  version: 1.0.4
  resolution: "call-bound@npm:1.0.4"
  dependencies:
    call-bind-apply-helpers: ^1.0.2
    get-intrinsic: ^1.3.0
  checksum: 2f6399488d1c272f56306ca60ff696575e2b7f31daf23bc11574798c84d9f2759dceb0cb1f471a85b77f28962a7ac6411f51d283ea2e45319009a19b6ccab3b2
  languageName: node
  linkType: hard

"combined-stream@npm:^1.0.8":
  version: 1.0.8
  resolution: "combined-stream@npm:1.0.8"
  dependencies:
    delayed-stream: ~1.0.0
  checksum: 49fa4aeb4916567e33ea81d088f6584749fc90c7abec76fd516bf1c5aa5c79f3584b5ba3de6b86d26ddd64bae5329c4c7479343250cfe71c75bb366eae53bb7c
  languageName: node
  linkType: hard

"content-disposition@npm:^1.0.0":
  version: 1.0.0
  resolution: "content-disposition@npm:1.0.0"
  dependencies:
    safe-buffer: 5.2.1
  checksum: b27e2579fefe0ecf78238bb652fbc750671efce8344f0c6f05235b12433e6a965adb40906df1ac1fdde23e8f9f0e58385e44640e633165420f3f47d830ae0398
  languageName: node
  linkType: hard

"content-type@npm:^1.0.5":
  version: 1.0.5
  resolution: "content-type@npm:1.0.5"
  checksum: 566271e0a251642254cde0f845f9dd4f9856e52d988f4eb0d0dcffbb7a1f8ec98de7a5215fc628f3bce30fe2fb6fd2bc064b562d721658c59b544e2d34ea2766
  languageName: node
  linkType: hard

"cookie-signature@npm:^1.2.1":
  version: 1.2.2
  resolution: "cookie-signature@npm:1.2.2"
  checksum: 1ad4f9b3907c9f3673a0f0a07c0a23da7909ac6c9204c5d80a0ec102fe50ccc45f27fdf496361840d6c132c5bb0037122c0a381f856d070183d1ebe3e5e041ff
  languageName: node
  linkType: hard

"cookie@npm:^0.7.1":
  version: 0.7.2
  resolution: "cookie@npm:0.7.2"
  checksum: 9bf8555e33530affd571ea37b615ccad9b9a34febbf2c950c86787088eb00a8973690833b0f8ebd6b69b753c62669ea60cec89178c1fb007bf0749abed74f93e
  languageName: node
  linkType: hard

"debug@npm:^4.3.5, debug@npm:^4.4.0":
  version: 4.4.1
  resolution: "debug@npm:4.4.1"
  dependencies:
    ms: ^2.1.3
  peerDependenciesMeta:
    supports-color:
      optional: true
  checksum: a43826a01cda685ee4cec00fb2d3322eaa90ccadbef60d9287debc2a886be3e835d9199c80070ede75a409ee57828c4c6cd80e4b154f2843f0dc95a570dc0729
  languageName: node
  linkType: hard

"delayed-stream@npm:~1.0.0":
  version: 1.0.0
  resolution: "delayed-stream@npm:1.0.0"
  checksum: 46fe6e83e2cb1d85ba50bd52803c68be9bd953282fa7096f51fc29edd5d67ff84ff753c51966061e5ba7cb5e47ef6d36a91924eddb7f3f3483b1c560f77a0020
  languageName: node
  linkType: hard

"depd@npm:2.0.0, depd@npm:^2.0.0":
  version: 2.0.0
  resolution: "depd@npm:2.0.0"
  checksum: abbe19c768c97ee2eed6282d8ce3031126662252c58d711f646921c9623f9052e3e1906443066beec1095832f534e57c523b7333f8e7e0d93051ab6baef5ab3a
  languageName: node
  linkType: hard

"dunder-proto@npm:^1.0.1":
  version: 1.0.1
  resolution: "dunder-proto@npm:1.0.1"
  dependencies:
    call-bind-apply-helpers: ^1.0.1
    es-errors: ^1.3.0
    gopd: ^1.2.0
  checksum: 149207e36f07bd4941921b0ca929e3a28f1da7bd6b6ff8ff7f4e2f2e460675af4576eeba359c635723dc189b64cdd4787e0255897d5b135ccc5d15cb8685fc90
  languageName: node
  linkType: hard

"ecdsa-sig-formatter@npm:1.0.11":
  version: 1.0.11
  resolution: "ecdsa-sig-formatter@npm:1.0.11"
  dependencies:
    safe-buffer: ^5.0.1
  checksum: 207f9ab1c2669b8e65540bce29506134613dd5f122cccf1e6a560f4d63f2732d427d938f8481df175505aad94583bcb32c688737bb39a6df0625f903d6d93c03
  languageName: node
  linkType: hard

"ee-first@npm:1.1.1":
  version: 1.1.1
  resolution: "ee-first@npm:1.1.1"
  checksum: 1b4cac778d64ce3b582a7e26b218afe07e207a0f9bfe13cc7395a6d307849cfe361e65033c3251e00c27dd060cab43014c2d6b2647676135e18b77d2d05b3f4f
  languageName: node
  linkType: hard

"encodeurl@npm:^2.0.0":
  version: 2.0.0
  resolution: "encodeurl@npm:2.0.0"
  checksum: abf5cd51b78082cf8af7be6785813c33b6df2068ce5191a40ca8b1afe6a86f9230af9a9ce694a5ce4665955e5c1120871826df9c128a642e09c58d592e2807fe
  languageName: node
  linkType: hard

"es-define-property@npm:^1.0.1":
  version: 1.0.1
  resolution: "es-define-property@npm:1.0.1"
  checksum: 0512f4e5d564021c9e3a644437b0155af2679d10d80f21adaf868e64d30efdfbd321631956f20f42d655fedb2e3a027da479fad3fa6048f768eb453a80a5f80a
  languageName: node
  linkType: hard

"es-errors@npm:^1.3.0":
  version: 1.3.0
  resolution: "es-errors@npm:1.3.0"
  checksum: ec1414527a0ccacd7f15f4a3bc66e215f04f595ba23ca75cdae0927af099b5ec865f9f4d33e9d7e86f512f252876ac77d4281a7871531a50678132429b1271b5
  languageName: node
  linkType: hard

"es-object-atoms@npm:^1.0.0, es-object-atoms@npm:^1.1.1":
  version: 1.1.1
  resolution: "es-object-atoms@npm:1.1.1"
  dependencies:
    es-errors: ^1.3.0
  checksum: 214d3767287b12f36d3d7267ef342bbbe1e89f899cfd67040309fc65032372a8e60201410a99a1645f2f90c1912c8c49c8668066f6bdd954bcd614dda2e3da97
  languageName: node
  linkType: hard

"es-set-tostringtag@npm:^2.1.0":
  version: 2.1.0
  resolution: "es-set-tostringtag@npm:2.1.0"
  dependencies:
    es-errors: ^1.3.0
    get-intrinsic: ^1.2.6
    has-tostringtag: ^1.0.2
    hasown: ^2.0.2
  checksum: 789f35de4be3dc8d11fdcb91bc26af4ae3e6d602caa93299a8c45cf05d36cc5081454ae2a6d3afa09cceca214b76c046e4f8151e092e6fc7feeb5efb9e794fc6
  languageName: node
  linkType: hard

"escape-html@npm:^1.0.3":
  version: 1.0.3
  resolution: "escape-html@npm:1.0.3"
  checksum: 6213ca9ae00d0ab8bccb6d8d4e0a98e76237b2410302cf7df70aaa6591d509a2a37ce8998008cbecae8fc8ffaadf3fb0229535e6a145f3ce0b211d060decbb24
  languageName: node
  linkType: hard

"etag@npm:^1.8.1":
  version: 1.8.1
  resolution: "etag@npm:1.8.1"
  checksum: 571aeb3dbe0f2bbd4e4fadbdb44f325fc75335cd5f6f6b6a091e6a06a9f25ed5392f0863c5442acb0646787446e816f13cbfc6edce5b07658541dff573cab1ff
  languageName: node
  linkType: hard

"express@npm:^5.1.0":
  version: 5.1.0
  resolution: "express@npm:5.1.0"
  dependencies:
    accepts: ^2.0.0
    body-parser: ^2.2.0
    content-disposition: ^1.0.0
    content-type: ^1.0.5
    cookie: ^0.7.1
    cookie-signature: ^1.2.1
    debug: ^4.4.0
    encodeurl: ^2.0.0
    escape-html: ^1.0.3
    etag: ^1.8.1
    finalhandler: ^2.1.0
    fresh: ^2.0.0
    http-errors: ^2.0.0
    merge-descriptors: ^2.0.0
    mime-types: ^3.0.0
    on-finished: ^2.4.1
    once: ^1.4.0
    parseurl: ^1.3.3
    proxy-addr: ^2.0.7
    qs: ^6.14.0
    range-parser: ^1.2.1
    router: ^2.2.0
    send: ^1.1.0
    serve-static: ^2.2.0
    statuses: ^2.0.1
    type-is: ^2.0.1
    vary: ^1.1.2
  checksum: 06e6141780c6c4780111f971ce062c83d4cf4862c40b43caf1d95afcbb58d7422c560503b8c9d04c7271511525d09cbdbe940bcaad63970fd4c1b9f6fd713bdb
  languageName: node
  linkType: hard

"finalhandler@npm:^2.1.0":
  version: 2.1.0
  resolution: "finalhandler@npm:2.1.0"
  dependencies:
    debug: ^4.4.0
    encodeurl: ^2.0.0
    escape-html: ^1.0.3
    on-finished: ^2.4.1
    parseurl: ^1.3.3
    statuses: ^2.0.1
  checksum: 27ca9cc83b1384ba37959eb95bc7e62bc0bf4d6f6af63f6d38821cf7499b113e34b23f96a2a031616817f73986f94deea67c2f558de9daf406790c181a2501df
  languageName: node
  linkType: hard

"follow-redirects@npm:^1.15.6":
  version: 1.15.6
  resolution: "follow-redirects@npm:1.15.6"
  peerDependenciesMeta:
    debug:
      optional: true
  checksum: a62c378dfc8c00f60b9c80cab158ba54e99ba0239a5dd7c81245e5a5b39d10f0c35e249c3379eae719ff0285fff88c365dd446fab19dee771f1d76252df1bbf5
  languageName: node
  linkType: hard

"form-data@npm:^4.0.4":
  version: 4.0.4
  resolution: "form-data@npm:4.0.4"
  dependencies:
    asynckit: ^0.4.0
    combined-stream: ^1.0.8
    es-set-tostringtag: ^2.1.0
    hasown: ^2.0.2
    mime-types: ^2.1.12
  checksum: 9b7788836df9fa5a6999e0c02515b001946b2a868cfe53f026c69e2c537a2ff9fbfb8e9d2b678744628f3dc7a2d6e14e4e45dfaf68aa6239727f0bdb8ce0abf2
  languageName: node
  linkType: hard

"forwarded@npm:0.2.0":
  version: 0.2.0
  resolution: "forwarded@npm:0.2.0"
  checksum: fd27e2394d8887ebd16a66ffc889dc983fbbd797d5d3f01087c020283c0f019a7d05ee85669383d8e0d216b116d720fc0cef2f6e9b7eb9f4c90c6e0bc7fd28e6
  languageName: node
  linkType: hard

"fresh@npm:^2.0.0":
  version: 2.0.0
  resolution: "fresh@npm:2.0.0"
  checksum: 38b9828352c6271e2a0dd8bdd985d0100dbbc4eb8b6a03286071dd6f7d96cfaacd06d7735701ad9a95870eb3f4555e67c08db1dcfe24c2e7bb87383c72fae1d2
  languageName: node
  linkType: hard

"function-bind@npm:^1.1.2":
  version: 1.1.2
  resolution: "function-bind@npm:1.1.2"
  checksum: 2b0ff4ce708d99715ad14a6d1f894e2a83242e4a52ccfcefaee5e40050562e5f6dafc1adbb4ce2d4ab47279a45dc736ab91ea5042d843c3c092820dfe032efb1
  languageName: node
  linkType: hard

"get-intrinsic@npm:^1.2.5, get-intrinsic@npm:^1.2.6, get-intrinsic@npm:^1.3.0":
  version: 1.3.0
  resolution: "get-intrinsic@npm:1.3.0"
  dependencies:
    call-bind-apply-helpers: ^1.0.2
    es-define-property: ^1.0.1
    es-errors: ^1.3.0
    es-object-atoms: ^1.1.1
    function-bind: ^1.1.2
    get-proto: ^1.0.1
    gopd: ^1.2.0
    has-symbols: ^1.1.0
    hasown: ^2.0.2
    math-intrinsics: ^1.1.0
  checksum: 301008e4482bb9a9cb49e132b88fee093bff373b4e6def8ba219b1e96b60158a6084f273ef5cafe832e42cd93462f4accb46a618d35fe59a2b507f2388c5b79d
  languageName: node
  linkType: hard

"get-proto@npm:^1.0.1":
  version: 1.0.1
  resolution: "get-proto@npm:1.0.1"
  dependencies:
    dunder-proto: ^1.0.1
    es-object-atoms: ^1.0.0
  checksum: 4fc96afdb58ced9a67558698b91433e6b037aaa6f1493af77498d7c85b141382cf223c0e5946f334fb328ee85dfe6edd06d218eaf09556f4bc4ec6005d7f5f7b
  languageName: node
  linkType: hard

"gopd@npm:^1.2.0":
  version: 1.2.0
  resolution: "gopd@npm:1.2.0"
  checksum: cc6d8e655e360955bdccaca51a12a474268f95bb793fc3e1f2bdadb075f28bfd1fd988dab872daf77a61d78cbaf13744bc8727a17cfb1d150d76047d805375f3
  languageName: node
  linkType: hard

"has-symbols@npm:^1.0.3":
  version: 1.0.3
  resolution: "has-symbols@npm:1.0.3"
  checksum: a054c40c631c0d5741a8285010a0777ea0c068f99ed43e5d6eb12972da223f8af553a455132fdb0801bdcfa0e0f443c0c03a68d8555aa529b3144b446c3f2410
  languageName: node
  linkType: hard

"has-symbols@npm:^1.1.0":
  version: 1.1.0
  resolution: "has-symbols@npm:1.1.0"
  checksum: b2316c7302a0e8ba3aaba215f834e96c22c86f192e7310bdf689dd0e6999510c89b00fbc5742571507cebf25764d68c988b3a0da217369a73596191ac0ce694b
  languageName: node
  linkType: hard

"has-tostringtag@npm:^1.0.2":
  version: 1.0.2
  resolution: "has-tostringtag@npm:1.0.2"
  dependencies:
    has-symbols: ^1.0.3
  checksum: 999d60bb753ad714356b2c6c87b7fb74f32463b8426e159397da4bde5bca7e598ab1073f4d8d4deafac297f2eb311484cd177af242776bf05f0d11565680468d
  languageName: node
  linkType: hard

"hasown@npm:^2.0.2":
  version: 2.0.2
  resolution: "hasown@npm:2.0.2"
  dependencies:
    function-bind: ^1.1.2
  checksum: e8516f776a15149ca6c6ed2ae3110c417a00b62260e222590e54aa367cbcd6ed99122020b37b7fbdf05748df57b265e70095d7bf35a47660587619b15ffb93db
  languageName: node
  linkType: hard

"http-errors@npm:2.0.0, http-errors@npm:^2.0.0":
  version: 2.0.0
  resolution: "http-errors@npm:2.0.0"
  dependencies:
    depd: 2.0.0
    inherits: 2.0.4
    setprototypeof: 1.2.0
    statuses: 2.0.1
    toidentifier: 1.0.1
  checksum: 9b0a3782665c52ce9dc658a0d1560bcb0214ba5699e4ea15aefb2a496e2ca83db03ebc42e1cce4ac1f413e4e0d2d736a3fd755772c556a9a06853ba2a0b7d920
  languageName: node
  linkType: hard

"iconv-lite@npm:0.6.3, iconv-lite@npm:^0.6.3":
  version: 0.6.3
  resolution: "iconv-lite@npm:0.6.3"
  dependencies:
    safer-buffer: ">= 2.1.2 < 3.0.0"
  checksum: 3f60d47a5c8fc3313317edfd29a00a692cc87a19cac0159e2ce711d0ebc9019064108323b5e493625e25594f11c6236647d8e256fbe7a58f4a3b33b89e6d30bf
  languageName: node
  linkType: hard

"inherits@npm:2.0.4":
  version: 2.0.4
  resolution: "inherits@npm:2.0.4"
  checksum: 4a48a733847879d6cf6691860a6b1e3f0f4754176e4d71494c41f3475553768b10f84b5ce1d40fbd0e34e6bfbb864ee35858ad4dd2cf31e02fc4a154b724d7f1
  languageName: node
  linkType: hard

"ipaddr.js@npm:1.9.1":
  version: 1.9.1
  resolution: "ipaddr.js@npm:1.9.1"
  checksum: f88d3825981486f5a1942414c8d77dd6674dd71c065adcfa46f578d677edcb99fda25af42675cb59db492fdf427b34a5abfcde3982da11a8fd83a500b41cfe77
  languageName: node
  linkType: hard

"is-promise@npm:^4.0.0":
  version: 4.0.0
  resolution: "is-promise@npm:4.0.0"
  checksum: 0b46517ad47b00b6358fd6553c83ec1f6ba9acd7ffb3d30a0bf519c5c69e7147c132430452351b8a9fc198f8dd6c4f76f8e6f5a7f100f8c77d57d9e0f4261a8a
  languageName: node
  linkType: hard

"jsonwebtoken@npm:^9.0.2":
  version: 9.0.2
  resolution: "jsonwebtoken@npm:9.0.2"
  dependencies:
    jws: ^3.2.2
    lodash.includes: ^4.3.0
    lodash.isboolean: ^3.0.3
    lodash.isinteger: ^4.0.4
    lodash.isnumber: ^3.0.3
    lodash.isplainobject: ^4.0.6
    lodash.isstring: ^4.0.1
    lodash.once: ^4.0.0
    ms: ^2.1.1
    semver: ^7.5.4
  checksum: fc739a6a8b33f1974f9772dca7f8493ca8df4cc31c5a09dcfdb7cff77447dcf22f4236fb2774ef3fe50df0abeb8e1c6f4c41eba82f500a804ab101e2fbc9d61a
  languageName: node
  linkType: hard

"jwa@npm:^1.4.1":
  version: 1.4.1
  resolution: "jwa@npm:1.4.1"
  dependencies:
    buffer-equal-constant-time: 1.0.1
    ecdsa-sig-formatter: 1.0.11
    safe-buffer: ^5.0.1
  checksum: ff30ea7c2dcc61f3ed2098d868bf89d43701605090c5b21b5544b512843ec6fd9e028381a4dda466cbcdb885c2d1150f7c62e7168394ee07941b4098e1035e2f
  languageName: node
  linkType: hard

"jws@npm:^3.2.2":
  version: 3.2.2
  resolution: "jws@npm:3.2.2"
  dependencies:
    jwa: ^1.4.1
    safe-buffer: ^5.0.1
  checksum: f0213fe5b79344c56cd443428d8f65c16bf842dc8cb8f5aed693e1e91d79c20741663ad6eff07a6d2c433d1831acc9814e8d7bada6a0471fbb91d09ceb2bf5c2
  languageName: node
  linkType: hard

"lodash.includes@npm:^4.3.0":
  version: 4.3.0
  resolution: "lodash.includes@npm:4.3.0"
  checksum: 71092c130515a67ab3bd928f57f6018434797c94def7f46aafa417771e455ce3a4834889f4267b17887d7f75297dfabd96231bf704fd2b8c5096dc4a913568b6
  languageName: node
  linkType: hard

"lodash.isboolean@npm:^3.0.3":
  version: 3.0.3
  resolution: "lodash.isboolean@npm:3.0.3"
  checksum: b70068b4a8b8837912b54052557b21fc4774174e3512ed3c5b94621e5aff5eb6c68089d0a386b7e801d679cd105d2e35417978a5e99071750aa2ed90bffd0250
  languageName: node
  linkType: hard

"lodash.isinteger@npm:^4.0.4":
  version: 4.0.4
  resolution: "lodash.isinteger@npm:4.0.4"
  checksum: 6034821b3fc61a2ffc34e7d5644bb50c5fd8f1c0121c554c21ac271911ee0c0502274852845005f8651d51e199ee2e0cfebfe40aaa49c7fe617f603a8a0b1691
  languageName: node
  linkType: hard

"lodash.isnumber@npm:^3.0.3":
  version: 3.0.3
  resolution: "lodash.isnumber@npm:3.0.3"
  checksum: 913784275b565346255e6ae6a6e30b760a0da70abc29f3e1f409081585875105138cda4a429ff02577e1bc0a7ae2a90e0a3079a37f3a04c3d6c5aaa532f4cab2
  languageName: node
  linkType: hard

"lodash.isplainobject@npm:^4.0.6":
  version: 4.0.6
  resolution: "lodash.isplainobject@npm:4.0.6"
  checksum: 29c6351f281e0d9a1d58f1a4c8f4400924b4c79f18dfc4613624d7d54784df07efaff97c1ff2659f3e085ecf4fff493300adc4837553104cef2634110b0d5337
  languageName: node
  linkType: hard

"lodash.isstring@npm:^4.0.1":
  version: 4.0.1
  resolution: "lodash.isstring@npm:4.0.1"
  checksum: eaac87ae9636848af08021083d796e2eea3d02e80082ab8a9955309569cb3a463ce97fd281d7dc119e402b2e7d8c54a23914b15d2fc7fff56461511dc8937ba0
  languageName: node
  linkType: hard

"lodash.once@npm:^4.0.0":
  version: 4.1.1
  resolution: "lodash.once@npm:4.1.1"
  checksum: d768fa9f9b4e1dc6453be99b753906f58990e0c45e7b2ca5a3b40a33111e5d17f6edf2f768786e2716af90a8e78f8f91431ab8435f761fef00f9b0c256f6d245
  languageName: node
  linkType: hard

"lru-cache@npm:^11.2.2":
  version: 11.2.2
  resolution: "lru-cache@npm:11.2.2"
  checksum: 052b3d0b81a02dd017e8b6d82422bed273732c89c9c63762f538e0a75b7018247896b365c19d9392cc7de9c6a304cde3ac11eb7376f96a4885d0ab32b5c46d5b
  languageName: node
  linkType: hard

"math-intrinsics@npm:^1.1.0":
  version: 1.1.0
  resolution: "math-intrinsics@npm:1.1.0"
  checksum: 0e513b29d120f478c85a70f49da0b8b19bc638975eca466f2eeae0071f3ad00454c621bf66e16dd435896c208e719fc91ad79bbfba4e400fe0b372e7c1c9c9a2
  languageName: node
  linkType: hard

"media-typer@npm:^1.1.0":
  version: 1.1.0
  resolution: "media-typer@npm:1.1.0"
  checksum: a58dd60804df73c672942a7253ccc06815612326dc1c0827984b1a21704466d7cde351394f47649e56cf7415e6ee2e26e000e81b51b3eebb5a93540e8bf93cbd
  languageName: node
  linkType: hard

"merge-descriptors@npm:^2.0.0":
  version: 2.0.0
  resolution: "merge-descriptors@npm:2.0.0"
  checksum: e383332e700a94682d0125a36c8be761142a1320fc9feeb18e6e36647c9edf064271645f5669b2c21cf352116e561914fd8aa831b651f34db15ef4038c86696a
  languageName: node
  linkType: hard

"mime-db@npm:1.52.0":
  version: 1.52.0
  resolution: "mime-db@npm:1.52.0"
  checksum: 0d99a03585f8b39d68182803b12ac601d9c01abfa28ec56204fa330bc9f3d1c5e14beb049bafadb3dbdf646dfb94b87e24d4ec7b31b7279ef906a8ea9b6a513f
  languageName: node
  linkType: hard

"mime-db@npm:^1.54.0":
  version: 1.54.0
  resolution: "mime-db@npm:1.54.0"
  checksum: e99aaf2f23f5bd607deb08c83faba5dd25cf2fec90a7cc5b92d8260867ee08dab65312e1a589e60093dc7796d41e5fae013268418482f1db4c7d52d0a0960ac9
  languageName: node
  linkType: hard

"mime-types@npm:^2.1.12":
  version: 2.1.35
  resolution: "mime-types@npm:2.1.35"
  dependencies:
    mime-db: 1.52.0
  checksum: 89a5b7f1def9f3af5dad6496c5ed50191ae4331cc5389d7c521c8ad28d5fdad2d06fd81baf38fed813dc4e46bb55c8145bb0ff406330818c9cf712fb2e9b3836
  languageName: node
  linkType: hard

"mime-types@npm:^3.0.0, mime-types@npm:^3.0.1":
  version: 3.0.1
  resolution: "mime-types@npm:3.0.1"
  dependencies:
    mime-db: ^1.54.0
  checksum: 8d497ad5cb2dd1210ac7d049b5de94af0b24b45a314961e145b44389344604d54752f03bc00bf880c0da60a214be6fb6d423d318104f02c28d95dd8ebeea4fb4
  languageName: node
  linkType: hard

"ms@npm:^2.1.1, ms@npm:^2.1.3":
  version: 2.1.3
  resolution: "ms@npm:2.1.3"
  checksum: aa92de608021b242401676e35cfa5aa42dd70cbdc082b916da7fb925c542173e36bce97ea3e804923fe92c0ad991434e4a38327e15a1b5b5f945d66df615ae6d
  languageName: node
  linkType: hard

"nanoid@npm:^5.1.6":
  version: 5.1.6
  resolution: "nanoid@npm:5.1.6"
  bin:
    nanoid: bin/nanoid.js
  checksum: 4109dbcf596d7f297a9b42f459b8f01694a03ebbdd2f41408d963ad54e5ec7234cbe7b4acad137751f31add11bb4fb3415a3e688082516745812811f05570014
  languageName: node
  linkType: hard

"negotiator@npm:^1.0.0":
  version: 1.0.0
  resolution: "negotiator@npm:1.0.0"
  checksum: 20ebfe79b2d2e7cf9cbc8239a72662b584f71164096e6e8896c8325055497c96f6b80cd22c258e8a2f2aa382a787795ec3ee8b37b422a302c7d4381b0d5ecfbb
  languageName: node
  linkType: hard

"object-inspect@npm:^1.13.3":
  version: 1.13.4
  resolution: "object-inspect@npm:1.13.4"
  checksum: 582810c6a8d2ef988ea0a39e69e115a138dad8f42dd445383b394877e5816eb4268489f316a6f74ee9c4e0a984b3eab1028e3e79d62b1ed67c726661d55c7a8b
  languageName: node
  linkType: hard

"on-finished@npm:^2.4.1":
  version: 2.4.1
  resolution: "on-finished@npm:2.4.1"
  dependencies:
    ee-first: 1.1.1
  checksum: d20929a25e7f0bb62f937a425b5edeb4e4cde0540d77ba146ec9357f00b0d497cdb3b9b05b9c8e46222407d1548d08166bff69cc56dfa55ba0e4469228920ff0
  languageName: node
  linkType: hard

"once@npm:^1.4.0":
  version: 1.4.0
  resolution: "once@npm:1.4.0"
  dependencies:
    wrappy: 1
  checksum: cd0a88501333edd640d95f0d2700fbde6bff20b3d4d9bdc521bdd31af0656b5706570d6c6afe532045a20bb8dc0849f8332d6f2a416e0ba6d3d3b98806c7db68
  languageName: node
  linkType: hard

"parseurl@npm:^1.3.3":
  version: 1.3.3
  resolution: "parseurl@npm:1.3.3"
  checksum: 407cee8e0a3a4c5cd472559bca8b6a45b82c124e9a4703302326e9ab60fc1081442ada4e02628efef1eb16197ddc7f8822f5a91fd7d7c86b51f530aedb17dfa2
  languageName: node
  linkType: hard

"path-to-regexp@npm:^8.0.0":
  version: 8.2.0
  resolution: "path-to-regexp@npm:8.2.0"
  checksum: 56e13e45962e776e9e7cd72e87a441cfe41f33fd539d097237ceb16adc922281136ca12f5a742962e33d8dda9569f630ba594de56d8b7b6e49adf31803c5e771
  languageName: node
  linkType: hard

"proxy-addr@npm:^2.0.7":
  version: 2.0.7
  resolution: "proxy-addr@npm:2.0.7"
  dependencies:
    forwarded: 0.2.0
    ipaddr.js: 1.9.1
  checksum: 29c6990ce9364648255454842f06f8c46fcd124d3e6d7c5066df44662de63cdc0bad032e9bf5a3d653ff72141cc7b6019873d685708ac8210c30458ad99f2b74
  languageName: node
  linkType: hard

"proxy-from-env@npm:^1.1.0":
  version: 1.1.0
  resolution: "proxy-from-env@npm:1.1.0"
  checksum: ed7fcc2ba0a33404958e34d95d18638249a68c430e30fcb6c478497d72739ba64ce9810a24f53a7d921d0c065e5b78e3822759800698167256b04659366ca4d4
  languageName: node
  linkType: hard

"qs@npm:^6.14.0":
  version: 6.14.0
  resolution: "qs@npm:6.14.0"
  dependencies:
    side-channel: ^1.1.0
  checksum: 189b52ad4e9a0da1a16aff4c58b2a554a8dad9bd7e287c7da7446059b49ca2e33a49e570480e8be406b87fccebf134f51c373cbce36c8c83859efa0c9b71d635
  languageName: node
  linkType: hard

"range-parser@npm:^1.2.1":
  version: 1.2.1
  resolution: "range-parser@npm:1.2.1"
  checksum: 0a268d4fea508661cf5743dfe3d5f47ce214fd6b7dec1de0da4d669dd4ef3d2144468ebe4179049eff253d9d27e719c88dae55be64f954e80135a0cada804ec9
  languageName: node
  linkType: hard

"raw-body@npm:^3.0.0":
  version: 3.0.0
  resolution: "raw-body@npm:3.0.0"
  dependencies:
    bytes: 3.1.2
    http-errors: 2.0.0
    iconv-lite: 0.6.3
    unpipe: 1.0.0
  checksum: 25b7cf7964183db322e819050d758a5abd0f22c51e9f37884ea44a9ed6855a1fb61f8caa8ec5b61d07e69f54db43dbbc08ad98ef84556696d6aa806be247af0e
  languageName: node
  linkType: hard

"router@npm:^2.2.0":
  version: 2.2.0
  resolution: "router@npm:2.2.0"
  dependencies:
    debug: ^4.4.0
    depd: ^2.0.0
    is-promise: ^4.0.0
    parseurl: ^1.3.3
    path-to-regexp: ^8.0.0
  checksum: 4c3bec8011ed10bb07d1ee860bc715f245fff0fdff991d8319741d2932d89c3fe0a56766b4fa78e95444bc323fd2538e09c8e43bfbd442c2a7fab67456df7fa5
  languageName: node
  linkType: hard

"safe-buffer@npm:5.2.1, safe-buffer@npm:^5.0.1":
  version: 5.2.1
  resolution: "safe-buffer@npm:5.2.1"
  checksum: b99c4b41fdd67a6aaf280fcd05e9ffb0813654894223afb78a31f14a19ad220bba8aba1cb14eddce1fcfb037155fe6de4e861784eb434f7d11ed58d1e70dd491
  languageName: node
  linkType: hard

"safer-buffer@npm:>= 2.1.2 < 3.0.0":
  version: 2.1.2
  resolution: "safer-buffer@npm:2.1.2"
  checksum: cab8f25ae6f1434abee8d80023d7e72b598cf1327164ddab31003c51215526801e40b66c5e65d658a0af1e9d6478cadcb4c745f4bd6751f97d8644786c0978b0
  languageName: node
  linkType: hard

"semver@npm:^7.5.4":
  version: 7.6.3
  resolution: "semver@npm:7.6.3"
  bin:
    semver: bin/semver.js
  checksum: 4110ec5d015c9438f322257b1c51fe30276e5f766a3f64c09edd1d7ea7118ecbc3f379f3b69032bacf13116dc7abc4ad8ce0d7e2bd642e26b0d271b56b61a7d8
  languageName: node
  linkType: hard

"send@npm:^1.1.0, send@npm:^1.2.0":
  version: 1.2.0
  resolution: "send@npm:1.2.0"
  dependencies:
    debug: ^4.3.5
    encodeurl: ^2.0.0
    escape-html: ^1.0.3
    etag: ^1.8.1
    fresh: ^2.0.0
    http-errors: ^2.0.0
    mime-types: ^3.0.1
    ms: ^2.1.3
    on-finished: ^2.4.1
    range-parser: ^1.2.1
    statuses: ^2.0.1
  checksum: 7557ee6c1c257a1c53b402b4fba8ed88c95800b08abe085fc79e0824869274f213491be2efb2df3de228c70e4d40ce2019e5f77b58c42adb97149135420c3f34
  languageName: node
  linkType: hard

"serve-static@npm:^2.2.0":
  version: 2.2.0
  resolution: "serve-static@npm:2.2.0"
  dependencies:
    encodeurl: ^2.0.0
    escape-html: ^1.0.3
    parseurl: ^1.3.3
    send: ^1.2.0
  checksum: 74f39e88f0444aa6732aae3b9597739c47552adecdc83fa32aa42555e76f1daad480d791af73894655c27a2d378275a461e691cead33fb35d8b976f1e2d24665
  languageName: node
  linkType: hard

"setprototypeof@npm:1.2.0":
  version: 1.2.0
  resolution: "setprototypeof@npm:1.2.0"
  checksum: be18cbbf70e7d8097c97f713a2e76edf84e87299b40d085c6bf8b65314e994cc15e2e317727342fa6996e38e1f52c59720b53fe621e2eb593a6847bf0356db89
  languageName: node
  linkType: hard

"side-channel-list@npm:^1.0.0":
  version: 1.0.0
  resolution: "side-channel-list@npm:1.0.0"
  dependencies:
    es-errors: ^1.3.0
    object-inspect: ^1.13.3
  checksum: 603b928997abd21c5a5f02ae6b9cc36b72e3176ad6827fab0417ead74580cc4fb4d5c7d0a8a2ff4ead34d0f9e35701ed7a41853dac8a6d1a664fcce1a044f86f
  languageName: node
  linkType: hard

"side-channel-map@npm:^1.0.1":
  version: 1.0.1
  resolution: "side-channel-map@npm:1.0.1"
  dependencies:
    call-bound: ^1.0.2
    es-errors: ^1.3.0
    get-intrinsic: ^1.2.5
    object-inspect: ^1.13.3
  checksum: 42501371cdf71f4ccbbc9c9e2eb00aaaab80a4c1c429d5e8da713fd4d39ef3b8d4a4b37ed4f275798a65260a551a7131fd87fe67e922dba4ac18586d6aab8b06
  languageName: node
  linkType: hard

"side-channel-weakmap@npm:^1.0.2":
  version: 1.0.2
  resolution: "side-channel-weakmap@npm:1.0.2"
  dependencies:
    call-bound: ^1.0.2
    es-errors: ^1.3.0
    get-intrinsic: ^1.2.5
    object-inspect: ^1.13.3
    side-channel-map: ^1.0.1
  checksum: a815c89bc78c5723c714ea1a77c938377ea710af20d4fb886d362b0d1f8ac73a17816a5f6640f354017d7e292a43da9c5e876c22145bac00b76cfb3468001736
  languageName: node
  linkType: hard

"side-channel@npm:^1.1.0":
  version: 1.1.0
  resolution: "side-channel@npm:1.1.0"
  dependencies:
    es-errors: ^1.3.0
    object-inspect: ^1.13.3
    side-channel-list: ^1.0.0
    side-channel-map: ^1.0.1
    side-channel-weakmap: ^1.0.2
  checksum: bf73d6d6682034603eb8e99c63b50155017ed78a522d27c2acec0388a792c3ede3238b878b953a08157093b85d05797217d270b7666ba1f111345fbe933380ff
  languageName: node
  linkType: hard

"statuses@npm:2.0.1":
  version: 2.0.1
  resolution: "statuses@npm:2.0.1"
  checksum: 18c7623fdb8f646fb213ca4051be4df7efb3484d4ab662937ca6fbef7ced9b9e12842709872eb3020cc3504b93bde88935c9f6417489627a7786f24f8031cbcb
  languageName: node
  linkType: hard

"statuses@npm:^2.0.1":
  version: 2.0.2
  resolution: "statuses@npm:2.0.2"
  checksum: 6927feb50c2a75b2a4caab2c565491f7a93ad3d8dbad7b1398d52359e9243a20e2ebe35e33726dee945125ef7a515e9097d8a1b910ba2bbd818265a2f6c39879
  languageName: node
  linkType: hard

"toidentifier@npm:1.0.1":
  version: 1.0.1
  resolution: "toidentifier@npm:1.0.1"
  checksum: 952c29e2a85d7123239b5cfdd889a0dde47ab0497f0913d70588f19c53f7e0b5327c95f4651e413c74b785147f9637b17410ac8c846d5d4a20a5a33eb6dc3a45
  languageName: node
  linkType: hard

"type-is@npm:^2.0.0, type-is@npm:^2.0.1":
  version: 2.0.1
  resolution: "type-is@npm:2.0.1"
  dependencies:
    content-type: ^1.0.5
    media-typer: ^1.1.0
    mime-types: ^3.0.0
  checksum: 0266e7c782238128292e8c45e60037174d48c6366bb2d45e6bd6422b611c193f83409a8341518b6b5f33f8e4d5a959f38658cacfea77f0a3505b9f7ac1ddec8f
  languageName: node
  linkType: hard

"unpipe@npm:1.0.0":
  version: 1.0.0
  resolution: "unpipe@npm:1.0.0"
  checksum: 4fa18d8d8d977c55cb09715385c203197105e10a6d220087ec819f50cb68870f02942244f1017565484237f1f8c5d3cd413631b1ae104d3096f24fdfde1b4aa2
  languageName: node
  linkType: hard

"vary@npm:^1.1.2":
  version: 1.1.2
  resolution: "vary@npm:1.1.2"
  checksum: ae0123222c6df65b437669d63dfa8c36cee20a504101b2fcd97b8bf76f91259c17f9f2b4d70a1e3c6bbcee7f51b28392833adb6b2770b23b01abec84e369660b
  languageName: node
  linkType: hard

"wrappy@npm:1":
  version: 1.0.2
  resolution: "wrappy@npm:1.0.2"
  checksum: 159da4805f7e84a3d003d8841557196034155008f817172d4e986bd591f74aa82aa7db55929a54222309e01079a65a92a9e6414da5a6aa4b01ee44a511ac3ee5
  languageName: node
  linkType: hard

"ws@npm:^8.18.3":
  version: 8.18.3
  resolution: "ws@npm:8.18.3"
  peerDependencies:
    bufferutil: ^4.0.1
    utf-8-validate: ">=5.0.2"
  peerDependenciesMeta:
    bufferutil:
      optional: true
    utf-8-validate:
      optional: true
  checksum: d64ef1631227bd0c5fe21b3eb3646c9c91229402fb963d12d87b49af0a1ef757277083af23a5f85742bae1e520feddfb434cb882ea59249b15673c16dc3f36e0
  languageName: node
  linkType: hard
